
Microsoft Visual Studio Solution File, Format Version 12.00
# Visual Studio 2013
VisualStudioVersion = 12.0.31101.0
MinimumVisualStudioVersion = 10.0.40219.1
Project("{FAE04EC0-301F-11D3-BF4B-00C04F79EFBC}") = "BankAccountApp", "BankAccountApp\BankAccountApp.csproj", "{E6896E2B-CAC8-4A6F-89DC-B1FA91290C59}"
EndProject
Project("{FAE04EC0-301F-11D3-BF4B-00C04F79EFBC}") = "NetUnitTestProject", "NetUnitTestProject\NetUnitTestProject.csproj", "{8572D256-BFE7-44E7-A9CB-4B112E84776C}"
EndProject
Project("{2150E333-8FDC-42A3-9474-1A3956D46DE8}") = ".nuget", ".nuget", "{E5C1BB4D-1224-4FEB-BDD7-6242F782BDD9}"
	ProjectSection(SolutionItems) = preProject
		.nuget\packages.config = .nuget\packages.config
	EndProjectSection
EndProject
Global
	GlobalSection(SolutionConfigurationPlatforms) = preSolution
		Debug|Any CPU = Debug|Any CPU
		Release|Any CPU = Release|Any CPU
	EndGlobalSection
	GlobalSection(ProjectConfigurationPlatforms) = postSolution
		{E6896E2B-CAC8-4A6F-89DC-B1FA91290C59}.Debug|Any CPU.ActiveCfg = Debug|Any CPU
		{E6896E2B-CAC8-4A6F-89DC-B1FA91290C59}.Debug|Any CPU.Build.0 = Debug|Any CPU
		{E6896E2B-CAC8-4A6F-89DC-B1FA91290C59}.Release|Any CPU.ActiveCfg = Release|Any CPU
		{E6896E2B-CAC8-4A6F-89DC-B1FA91290C59}.Release|Any CPU.Build.0 = Release|Any CPU
		{8572D256-BFE7-44E7-A9CB-4B112E84776C}.Debug|Any CPU.ActiveCfg = Debug|Any CPU
		{8572D256-BFE7-44E7-A9CB-4B112E84776C}.Debug|Any CPU.Build.0 = Debug|Any CPU
		{8572D256-BFE7-44E7-A9CB-4B112E84776C}.Release|Any CPU.ActiveCfg = Release|Any CPU
		{8572D256-BFE7-44E7-A9CB-4B112E84776C}.Release|Any CPU.Build.0 = Release|Any CPU
	EndGlobalSection
	GlobalSection(SolutionProperties) = preSolution
		HideSolutionNode = FALSE
	EndGlobalSection
EndGlobal
